
Microsoft Visual Studio Solution File, Format Version 12.00
# Visual Studio Version 17
VisualStudioVersion = 17.2.32630.192
MinimumVisualStudioVersion = 10.0.40219.1
Project("{FAE04EC0-301F-11D3-BF4B-00C04F79EFBC}") = "JsonMessageApi", "JsonMessageApi.csproj", "{0FD4C7D1-4E4A-47C2-B5E8-CC003D19766D}"
EndProject
Global
	GlobalSection(SolutionConfigurationPlatforms) = preSolution
		Debug|Any CPU = Debug|Any CPU
		Release|Any CPU = Release|Any CPU
	EndGlobalSection
	GlobalSection(ProjectConfigurationPlatforms) = postSolution
		{0FD4C7D1-4E4A-47C2-B5E8-CC003D19766D}.Debug|Any CPU.ActiveCfg = Debug|Any CPU
		{0FD4C7D1-4E4A-47C2-B5E8-CC003D19766D}.Debug|Any CPU.Build.0 = Debug|Any CPU
		{0FD4C7D1-4E4A-47C2-B5E8-CC003D19766D}.Release|Any CPU.ActiveCfg = Release|Any CPU
		{0FD4C7D1-4E4A-47C2-B5E8-CC003D19766D}.Release|Any CPU.Build.0 = Release|Any CPU
	EndGlobalSection
	GlobalSection(SolutionProperties) = preSolution
		HideSolutionNode = FALSE
	EndGlobalSection
	GlobalSection(ExtensibilityGlobals) = postSolution
		SolutionGuid = {FFC76521-99FE-482D-9237-339C8A731BF0}
	EndGlobalSection
EndGlobal
